
Microsoft Visual Studio Solution File, Format Version 12.00
# Visual Studio Version 16
VisualStudioVersion = 16.0.31624.102
MinimumVisualStudioVersion = 10.0.40219.1
Project("{FAE04EC0-301F-11D3-BF4B-00C04F79EFBC}") = "SMWTimer", "SMWTimer\SMWTimer.csproj", "{DB68AC2C-2790-4348-B165-79A53517A182}"
EndProject
Global
	GlobalSection(SolutionConfigurationPlatforms) = preSolution
		Debug|Any CPU = Debug|Any CPU
		Release|Any CPU = Release|Any CPU
	EndGlobalSection
	GlobalSection(ProjectConfigurationPlatforms) = postSolution
		{DB68AC2C-2790-4348-B165-79A53517A182}.Debug|Any CPU.ActiveCfg = Debug|Any CPU
		{DB68AC2C-2790-4348-B165-79A53517A182}.Debug|Any CPU.Build.0 = Debug|Any CPU
		{DB68AC2C-2790-4348-B165-79A53517A182}.Release|Any CPU.ActiveCfg = Release|Any CPU
		{DB68AC2C-2790-4348-B165-79A53517A182}.Release|Any CPU.Build.0 = Release|Any CPU
	EndGlobalSection
	GlobalSection(SolutionProperties) = preSolution
		HideSolutionNode = FALSE
	EndGlobalSection
	GlobalSection(ExtensibilityGlobals) = postSolution
		SolutionGuid = {304BED63-82FC-446B-A151-F58BB95652FE}
	EndGlobalSection
EndGlobal
